
Microsoft Visual Studio Solution File, Format Version 12.00
# Visual Studio 15
VisualStudioVersion = 15.0.27428.2027
MinimumVisualStudioVersion = 10.0.40219.1
Project("{FAE04EC0-301F-11D3-BF4B-00C04F79EFBC}") = "SensorHub", "SensorHub\SensorHub.csproj", "{F32C4980-0903-4891-8FFC-FFA09D809115}"
EndProject
Project("{FAE04EC0-301F-11D3-BF4B-00C04F79EFBC}") = "MonitorApp", "MonitorApp\MonitorApp.csproj", "{92F53760-B328-4F68-B415-D666E72EEF82}"
EndProject
Global
	GlobalSection(SolutionConfigurationPlatforms) = preSolution
		Debug|Any CPU = Debug|Any CPU
		Release|Any CPU = Release|Any CPU
	EndGlobalSection
	GlobalSection(ProjectConfigurationPlatforms) = postSolution
		{F32C4980-0903-4891-8FFC-FFA09D809115}.Debug|Any CPU.ActiveCfg = Debug|Any CPU
		{F32C4980-0903-4891-8FFC-FFA09D809115}.Debug|Any CPU.Build.0 = Debug|Any CPU
		{F32C4980-0903-4891-8FFC-FFA09D809115}.Release|Any CPU.ActiveCfg = Release|Any CPU
		{F32C4980-0903-4891-8FFC-FFA09D809115}.Release|Any CPU.Build.0 = Release|Any CPU
		{92F53760-B328-4F68-B415-D666E72EEF82}.Debug|Any CPU.ActiveCfg = Debug|Any CPU
		{92F53760-B328-4F68-B415-D666E72EEF82}.Debug|Any CPU.Build.0 = Debug|Any CPU
		{92F53760-B328-4F68-B415-D666E72EEF82}.Release|Any CPU.ActiveCfg = Release|Any CPU
		{92F53760-B328-4F68-B415-D666E72EEF82}.Release|Any CPU.Build.0 = Release|Any CPU
	EndGlobalSection
	GlobalSection(SolutionProperties) = preSolution
		HideSolutionNode = FALSE
	EndGlobalSection
	GlobalSection(ExtensibilityGlobals) = postSolution
		SolutionGuid = {8EFD447A-AF57-4CC8-B4D2-90717983AC4D}
	EndGlobalSection
EndGlobal
